{
  "object": {
    "pins": [
      {
        "package": "subtle-swift",
        "repositoryURL": "https://github.com/nixberg/subtle-swift",
        "state": {
          "branch": null,
          "revision": "c71c45c0cabbd1809ebaf3b328684b04bac1c851",
          "version": "0.10.0"
        }
      }
    ]
  },
  "version": 1
}
