{
  "object": {
    "pins": [
      {
        "package": "constant-time-swift",
        "repositoryURL": "https://github.com/nixberg/constant-time-swift",
        "state": {
          "branch": null,
          "revision": "35c9742c126a7f28282654558faffbf3f887363f",
          "version": "0.2.0"
        }
      }
    ]
  },
  "version": 1
}
